
Microsoft Visual Studio Solution File, Format Version 12.00
# Visual Studio Version 17
VisualStudioVersion = 17.3.32825.248
MinimumVisualStudioVersion = 10.0.40219.1
Project("{FAE04EC0-301F-11D3-BF4B-00C04F79EFBC}") = "AspNetCoreIdentityApp", "AspNetCoreIdentityApp\AspNetCoreIdentityApp.csproj", "{24120AAA-D49B-49E3-9CB0-20078C83D98D}"
EndProject
Global
	GlobalSection(SolutionConfigurationPlatforms) = preSolution
		Debug|Any CPU = Debug|Any CPU
		Release|Any CPU = Release|Any CPU
	EndGlobalSection
	GlobalSection(ProjectConfigurationPlatforms) = postSolution
		{24120AAA-D49B-49E3-9CB0-20078C83D98D}.Debug|Any CPU.ActiveCfg = Debug|Any CPU
		{24120AAA-D49B-49E3-9CB0-20078C83D98D}.Debug|Any CPU.Build.0 = Debug|Any CPU
		{24120AAA-D49B-49E3-9CB0-20078C83D98D}.Release|Any CPU.ActiveCfg = Release|Any CPU
		{24120AAA-D49B-49E3-9CB0-20078C83D98D}.Release|Any CPU.Build.0 = Release|Any CPU
	EndGlobalSection
	GlobalSection(SolutionProperties) = preSolution
		HideSolutionNode = FALSE
	EndGlobalSection
	GlobalSection(ExtensibilityGlobals) = postSolution
		SolutionGuid = {1B1AEF78-F22A-41CC-B637-3A20879A3B3D}
	EndGlobalSection
EndGlobal
